{
  "name": "threejswithcss",
  "version": "1.0.0",
  "lockfileVersion": 3,
  "requires": true,
  "packages": {
    "": {
      "name": "threejswithcss",
      "version": "1.0.0",
      "license": "ISC",
      "dependencies": {
        "three": "^0.161.0",
        "three-addons": "^1.2.0"
      }
    },
    "node_modules/three": {
      "version": "0.161.0",
      "resolved": "https://registry.npmjs.org/three/-/three-0.161.0.tgz",
      "integrity": "sha512-LC28VFtjbOyEu5b93K0bNRLw1rQlMJ85lilKsYj6dgTu+7i17W+JCCEbvrpmNHF1F3NAUqDSWq50UD7w9H2xQw=="
    },
    "node_modules/three-addons": {
      "version": "1.2.0",
      "resolved": "https://registry.npmjs.org/three-addons/-/three-addons-1.2.0.tgz",
      "integrity": "sha512-tmPGLtcsDb0Bt6bVU82y9KX0rdAzizr7t2rFjBecWq4pvfGMY3l+yCfvntGYeZGJ9cjsli10cHSWHsN1pTy4mA==",
      "dependencies": {
        "three": "^0.92.0"
      }
    },
    "node_modules/three-addons/node_modules/three": {
      "version": "0.92.0",
      "resolved": "https://registry.npmjs.org/three/-/three-0.92.0.tgz",
      "integrity": "sha512-yQzuwMDEyxc+TFHn8c+LtpK1Sqpy8I3FAr+1EoqqLmNmv6hjfFqB8PlYztRLuM4FMFb4hIbpUoP7Gc9bPQvkCg=="
    }
  }
}
